
Microsoft Visual Studio Solution File, Format Version 12.00
# Visual Studio Version 16
VisualStudioVersion = 16.0.31829.152
MinimumVisualStudioVersion = 10.0.40219.1
Project("{9A19103F-16F7-4668-BE54-9A1E7A4F7556}") = "Study", "Study\Study.csproj", "{D5D911AE-EADB-4DBE-890B-0DCBDB36D6A7}"
EndProject
Project("{9A19103F-16F7-4668-BE54-9A1E7A4F7556}") = "KendoUI", "KendoUI\KendoUI.csproj", "{F9A2219C-3E81-4A7E-8445-A7A78FD4D68E}"
EndProject
Project("{FAE04EC0-301F-11D3-BF4B-00C04F79EFBC}") = "KendoDemo", "KendoDemo\KendoDemo.csproj", "{99EAB985-50C3-4085-BC0E-FEEE30B28AB3}"
EndProject
Global
	GlobalSection(SolutionConfigurationPlatforms) = preSolution
		Debug|Any CPU = Debug|Any CPU
		Release|Any CPU = Release|Any CPU
	EndGlobalSection
	GlobalSection(ProjectConfigurationPlatforms) = postSolution
		{D5D911AE-EADB-4DBE-890B-0DCBDB36D6A7}.Debug|Any CPU.ActiveCfg = Debug|Any CPU
		{D5D911AE-EADB-4DBE-890B-0DCBDB36D6A7}.Debug|Any CPU.Build.0 = Debug|Any CPU
		{D5D911AE-EADB-4DBE-890B-0DCBDB36D6A7}.Release|Any CPU.ActiveCfg = Release|Any CPU
		{D5D911AE-EADB-4DBE-890B-0DCBDB36D6A7}.Release|Any CPU.Build.0 = Release|Any CPU
		{F9A2219C-3E81-4A7E-8445-A7A78FD4D68E}.Debug|Any CPU.ActiveCfg = Debug|Any CPU
		{F9A2219C-3E81-4A7E-8445-A7A78FD4D68E}.Debug|Any CPU.Build.0 = Debug|Any CPU
		{F9A2219C-3E81-4A7E-8445-A7A78FD4D68E}.Release|Any CPU.ActiveCfg = Release|Any CPU
		{F9A2219C-3E81-4A7E-8445-A7A78FD4D68E}.Release|Any CPU.Build.0 = Release|Any CPU
		{99EAB985-50C3-4085-BC0E-FEEE30B28AB3}.Debug|Any CPU.ActiveCfg = Debug|Any CPU
		{99EAB985-50C3-4085-BC0E-FEEE30B28AB3}.Debug|Any CPU.Build.0 = Debug|Any CPU
		{99EAB985-50C3-4085-BC0E-FEEE30B28AB3}.Release|Any CPU.ActiveCfg = Release|Any CPU
		{99EAB985-50C3-4085-BC0E-FEEE30B28AB3}.Release|Any CPU.Build.0 = Release|Any CPU
	EndGlobalSection
	GlobalSection(SolutionProperties) = preSolution
		HideSolutionNode = FALSE
	EndGlobalSection
	GlobalSection(ExtensibilityGlobals) = postSolution
		SolutionGuid = {1A1147CE-1D35-45E6-815A-127DF63FDC93}
	EndGlobalSection
EndGlobal
